
Microsoft Visual Studio Solution File, Format Version 12.00
# Visual Studio 15
VisualStudioVersion = 15.0.28010.2050
MinimumVisualStudioVersion = 10.0.40219.1
Project("{FAE04EC0-301F-11D3-BF4B-00C04F79EFBC}") = "testWPF", "testWPF\testWPF.csproj", "{2BD6F457-86CB-4465-9DA0-242412F1B8A3}"
EndProject
Global
	GlobalSection(SolutionConfigurationPlatforms) = preSolution
		Debug|Any CPU = Debug|Any CPU
		Release|Any CPU = Release|Any CPU
	EndGlobalSection
	GlobalSection(ProjectConfigurationPlatforms) = postSolution
		{2BD6F457-86CB-4465-9DA0-242412F1B8A3}.Debug|Any CPU.ActiveCfg = Debug|Any CPU
		{2BD6F457-86CB-4465-9DA0-242412F1B8A3}.Debug|Any CPU.Build.0 = Debug|Any CPU
		{2BD6F457-86CB-4465-9DA0-242412F1B8A3}.Release|Any CPU.ActiveCfg = Release|Any CPU
		{2BD6F457-86CB-4465-9DA0-242412F1B8A3}.Release|Any CPU.Build.0 = Release|Any CPU
	EndGlobalSection
	GlobalSection(SolutionProperties) = preSolution
		HideSolutionNode = FALSE
	EndGlobalSection
	GlobalSection(ExtensibilityGlobals) = postSolution
		SolutionGuid = {04E3DD17-B758-4D51-A861-C0971E2C58E5}
	EndGlobalSection
EndGlobal
